// !$*UTF8*$!
{
	archiveVersion = 1;
	classes = {
	};
	objectVersion = 56;
	objects = {

/* Begin PBXBuildFile section */
		CE4419FF2BAC6A9800669DB2 /* AppDelegate.swift in Sources */ = {isa = PBXBuildFile; fileRef = CE4419FE2BAC6A9800669DB2 /* AppDelegate.swift */; };
		CE441A012BAC6A9800669DB2 /* SceneDelegate.swift in Sources */ = {isa = PBXBuildFile; fileRef = CE441A002BAC6A9800669DB2 /* SceneDelegate.swift */; };
		CE441A032BAC6A9800669DB2 /* CameraViewController.swift in Sources */ = {isa = PBXBuildFile; fileRef = CE441A022BAC6A9800669DB2 /* CameraViewController.swift */; };
		CE441A082BAC6A9B00669DB2 /* Assets.xcassets in Resources */ = {isa = PBXBuildFile; fileRef = CE441A072BAC6A9B00669DB2 /* Assets.xcassets */; };
		CE441A0B2BAC6A9B00669DB2 /* LaunchScreen.storyboard in Resources */ = {isa = PBXBuildFile; fileRef = CE441A092BAC6A9B00669DB2 /* LaunchScreen.storyboard */; };
		CE441A132BAC7A5300669DB2 /* ActionBottomBar.swift in Sources */ = {isa = PBXBuildFile; fileRef = CE441A122BAC7A5200669DB2 /* ActionBottomBar.swift */; };
		CE441A162BAC7A7700669DB2 /* LastPhotoView.swift in Sources */ = {isa = PBXBuildFile; fileRef = CE441A152BAC7A7700669DB2 /* LastPhotoView.swift */; };
		CE441A182BAC8F8600669DB2 /* CameraManager.swift in Sources */ = {isa = PBXBuildFile; fileRef = CE441A172BAC8F8600669DB2 /* CameraManager.swift */; };
		CE441A1A2BAE1CAA00669DB2 /* ActionCameraButton.swift in Sources */ = {isa = PBXBuildFile; fileRef = CE441A192BAE1CA900669DB2 /* ActionCameraButton.swift */; };
		CE441A1C2BAE1F1100669DB2 /* NetworkingService.swift in Sources */ = {isa = PBXBuildFile; fileRef = CE441A1B2BAE1F1100669DB2 /* NetworkingService.swift */; };
		CE441A1F2BAF6F1300669DB2 /* ImageProperties.swift in Sources */ = {isa = PBXBuildFile; fileRef = CE441A1E2BAF6F1300669DB2 /* ImageProperties.swift */; };
		CECACDE22BB5B00700508A41 /* Extension.swift in Sources */ = {isa = PBXBuildFile; fileRef = CECACDE12BB5B00700508A41 /* Extension.swift */; };
/* End PBXBuildFile section */

/* Begin PBXFileReference section */
		CE4419FB2BAC6A9800669DB2 /* EyesTrackingCamera.app */ = {isa = PBXFileReference; explicitFileType = wrapper.application; includeInIndex = 0; path = EyesTrackingCamera.app; sourceTree = BUILT_PRODUCTS_DIR; };
		CE4419FE2BAC6A9800669DB2 /* AppDelegate.swift */ = {isa = PBXFileReference; lastKnownFileType = sourcecode.swift; path = AppDelegate.swift; sourceTree = "<group>"; };
		CE441A002BAC6A9800669DB2 /* SceneDelegate.swift */ = {isa = PBXFileReference; lastKnownFileType = sourcecode.swift; path = SceneDelegate.swift; sourceTree = "<group>"; };
		CE441A022BAC6A9800669DB2 /* CameraViewController.swift */ = {isa = PBXFileReference; lastKnownFileType = sourcecode.swift; path = CameraViewController.swift; sourceTree = "<group>"; };
		CE441A072BAC6A9B00669DB2 /* Assets.xcassets */ = {isa = PBXFileReference; lastKnownFileType = folder.assetcatalog; path = Assets.xcassets; sourceTree = "<group>"; };
		CE441A0A2BAC6A9B00669DB2 /* Base */ = {isa = PBXFileReference; lastKnownFileType = file.storyboard; name = Base; path = Base.lproj/LaunchScreen.storyboard; sourceTree = "<group>"; };
		CE441A0C2BAC6A9B00669DB2 /* Info.plist */ = {isa = PBXFileReference; lastKnownFileType = text.plist.xml; path = Info.plist; sourceTree = "<group>"; };
		CE441A122BAC7A5200669DB2 /* ActionBottomBar.swift */ = {isa = PBXFileReference; lastKnownFileType = sourcecode.swift; path = ActionBottomBar.swift; sourceTree = "<group>"; };
		CE441A152BAC7A7700669DB2 /* LastPhotoView.swift */ = {isa = PBXFileReference; lastKnownFileType = sourcecode.swift; path = LastPhotoView.swift; sourceTree = "<group>"; };
		CE441A172BAC8F8600669DB2 /* CameraManager.swift */ = {isa = PBXFileReference; lastKnownFileType = sourcecode.swift; path = CameraManager.swift; sourceTree = "<group>"; };
		CE441A192BAE1CA900669DB2 /* ActionCameraButton.swift */ = {isa = PBXFileReference; lastKnownFileType = sourcecode.swift; path = ActionCameraButton.swift; sourceTree = "<group>"; };
		CE441A1B2BAE1F1100669DB2 /* NetworkingService.swift */ = {isa = PBXFileReference; lastKnownFileType = sourcecode.swift; path = NetworkingService.swift; sourceTree = "<group>"; };
		CE441A1E2BAF6F1300669DB2 /* ImageProperties.swift */ = {isa = PBXFileReference; lastKnownFileType = sourcecode.swift; path = ImageProperties.swift; sourceTree = "<group>"; };
		CECACDE12BB5B00700508A41 /* Extension.swift */ = {isa = PBXFileReference; lastKnownFileType = sourcecode.swift; path = Extension.swift; sourceTree = "<group>"; };
/* End PBXFileReference section */

/* Begin PBXFrameworksBuildPhase section */
		CE4419F82BAC6A9800669DB2 /* Frameworks */ = {
			isa = PBXFrameworksBuildPhase;
			buildActionMask = 2147483647;
			files = (
			);
			runOnlyForDeploymentPostprocessing = 0;
		};
/* End PBXFrameworksBuildPhase section */

/* Begin PBXGroup section */
		CE4419F22BAC6A9800669DB2 = {
			isa = PBXGroup;
			children = (
				CE4419FD2BAC6A9800669DB2 /* EyesTrackingCamera */,
				CE4419FC2BAC6A9800669DB2 /* Products */,
			);
			sourceTree = "<group>";
		};
		CE4419FC2BAC6A9800669DB2 /* Products */ = {
			isa = PBXGroup;
			children = (
				CE4419FB2BAC6A9800669DB2 /* EyesTrackingCamera.app */,
			);
			name = Products;
			sourceTree = "<group>";
		};
		CE4419FD2BAC6A9800669DB2 /* EyesTrackingCamera */ = {
			isa = PBXGroup;
			children = (
				CE441A1D2BAF6EF200669DB2 /* Networking */,
				CECACDE32BB5B42600508A41 /* Extension */,
				CECACDE42BB5B43300508A41 /* Screen */,
				CE4419FE2BAC6A9800669DB2 /* AppDelegate.swift */,
				CE441A002BAC6A9800669DB2 /* SceneDelegate.swift */,
				CE441A072BAC6A9B00669DB2 /* Assets.xcassets */,
				CE441A092BAC6A9B00669DB2 /* LaunchScreen.storyboard */,
				CE441A0C2BAC6A9B00669DB2 /* Info.plist */,
			);
			path = EyesTrackingCamera;
			sourceTree = "<group>";
		};
		CE441A1D2BAF6EF200669DB2 /* Networking */ = {
			isa = PBXGroup;
			children = (
				CE441A1B2BAE1F1100669DB2 /* NetworkingService.swift */,
				CE441A1E2BAF6F1300669DB2 /* ImageProperties.swift */,
			);
			path = Networking;
			sourceTree = "<group>";
		};
		CECACDE32BB5B42600508A41 /* Extension */ = {
			isa = PBXGroup;
			children = (
				CECACDE12BB5B00700508A41 /* Extension.swift */,
			);
			path = Extension;
			sourceTree = "<group>";
		};
		CECACDE42BB5B43300508A41 /* Screen */ = {
			isa = PBXGroup;
			children = (
				CECACDE82BB5B50C00508A41 /* CameraManager */,
				CECACDE52BB5B44700508A41 /* Subiews */,
				CE441A022BAC6A9800669DB2 /* CameraViewController.swift */,
			);
			path = Screen;
			sourceTree = "<group>";
		};
		CECACDE52BB5B44700508A41 /* Subiews */ = {
			isa = PBXGroup;
			children = (
				CE441A122BAC7A5200669DB2 /* ActionBottomBar.swift */,
				CE441A192BAE1CA900669DB2 /* ActionCameraButton.swift */,
				CE441A152BAC7A7700669DB2 /* LastPhotoView.swift */,
			);
			path = Subiews;
			sourceTree = "<group>";
		};
		CECACDE82BB5B50C00508A41 /* CameraManager */ = {
			isa = PBXGroup;
			children = (
				CE441A172BAC8F8600669DB2 /* CameraManager.swift */,
			);
			path = CameraManager;
			sourceTree = "<group>";
		};
/* End PBXGroup section */

/* Begin PBXNativeTarget section */
		CE4419FA2BAC6A9800669DB2 /* EyesTrackingCamera */ = {
			isa = PBXNativeTarget;
			buildConfigurationList = CE441A0F2BAC6A9B00669DB2 /* Build configuration list for PBXNativeTarget "EyesTrackingCamera" */;
			buildPhases = (
				CE4419F72BAC6A9800669DB2 /* Sources */,
				CE4419F82BAC6A9800669DB2 /* Frameworks */,
				CE4419F92BAC6A9800669DB2 /* Resources */,
			);
			buildRules = (
			);
			dependencies = (
			);
			name = EyesTrackingCamera;
			productName = EyesTrackingCamera;
			productReference = CE4419FB2BAC6A9800669DB2 /* EyesTrackingCamera.app */;
			productType = "com.apple.product-type.application";
		};
/* End PBXNativeTarget section */

/* Begin PBXProject section */
		CE4419F32BAC6A9800669DB2 /* Project object */ = {
			isa = PBXProject;
			attributes = {
				BuildIndependentTargetsInParallel = 1;
				LastSwiftUpdateCheck = 1520;
				LastUpgradeCheck = 1520;
				TargetAttributes = {
					CE4419FA2BAC6A9800669DB2 = {
						CreatedOnToolsVersion = 15.2;
					};
				};
			};
			buildConfigurationList = CE4419F62BAC6A9800669DB2 /* Build configuration list for PBXProject "EyesTrackingCamera" */;
			compatibilityVersion = "Xcode 14.0";
			developmentRegion = en;
			hasScannedForEncodings = 0;
			knownRegions = (
				en,
				Base,
			);
			mainGroup = CE4419F22BAC6A9800669DB2;
			productRefGroup = CE4419FC2BAC6A9800669DB2 /* Products */;
			projectDirPath = "";
			projectRoot = "";
			targets = (
				CE4419FA2BAC6A9800669DB2 /* EyesTrackingCamera */,
			);
		};
/* End PBXProject section */

/* Begin PBXResourcesBuildPhase section */
		CE4419F92BAC6A9800669DB2 /* Resources */ = {
			isa = PBXResourcesBuildPhase;
			buildActionMask = 2147483647;
			files = (
				CE441A0B2BAC6A9B00669DB2 /* LaunchScreen.storyboard in Resources */,
				CE441A082BAC6A9B00669DB2 /* Assets.xcassets in Resources */,
			);
			runOnlyForDeploymentPostprocessing = 0;
		};
/* End PBXResourcesBuildPhase section */

/* Begin PBXSourcesBuildPhase section */
		CE4419F72BAC6A9800669DB2 /* Sources */ = {
			isa = PBXSourcesBuildPhase;
			buildActionMask = 2147483647;
			files = (
				CE441A132BAC7A5300669DB2 /* ActionBottomBar.swift in Sources */,
				CE441A032BAC6A9800669DB2 /* CameraViewController.swift in Sources */,
				CE441A182BAC8F8600669DB2 /* CameraManager.swift in Sources */,
				CECACDE22BB5B00700508A41 /* Extension.swift in Sources */,
				CE441A1C2BAE1F1100669DB2 /* NetworkingService.swift in Sources */,
				CE441A1A2BAE1CAA00669DB2 /* ActionCameraButton.swift in Sources */,
				CE4419FF2BAC6A9800669DB2 /* AppDelegate.swift in Sources */,
				CE441A162BAC7A7700669DB2 /* LastPhotoView.swift in Sources */,
				CE441A012BAC6A9800669DB2 /* SceneDelegate.swift in Sources */,
				CE441A1F2BAF6F1300669DB2 /* ImageProperties.swift in Sources */,
			);
			runOnlyForDeploymentPostprocessing = 0;
		};
/* End PBXSourcesBuildPhase section */

/* Begin PBXVariantGroup section */
		CE441A092BAC6A9B00669DB2 /* LaunchScreen.storyboard */ = {
			isa = PBXVariantGroup;
			children = (
				CE441A0A2BAC6A9B00669DB2 /* Base */,
			);
			name = LaunchScreen.storyboard;
			sourceTree = "<group>";
		};
/* End PBXVariantGroup section */

/* Begin XCBuildConfiguration section */
		CE441A0D2BAC6A9B00669DB2 /* Debug */ = {
			isa = XCBuildConfiguration;
			buildSettings = {
				ALWAYS_SEARCH_USER_PATHS = NO;
				ASSETCATALOG_COMPILER_GENERATE_SWIFT_ASSET_SYMBOL_EXTENSIONS = YES;
				CLANG_ANALYZER_NONNULL = YES;
				CLANG_ANALYZER_NUMBER_OBJECT_CONVERSION = YES_AGGRESSIVE;
				CLANG_CXX_LANGUAGE_STANDARD = "gnu++20";
				CLANG_ENABLE_MODULES = YES;
				CLANG_ENABLE_OBJC_ARC = YES;
				CLANG_ENABLE_OBJC_WEAK = YES;
				CLANG_WARN_BLOCK_CAPTURE_AUTORELEASING = YES;
				CLANG_WARN_BOOL_CONVERSION = YES;
				CLANG_WARN_COMMA = YES;
				CLANG_WARN_CONSTANT_CONVERSION = YES;
				CLANG_WARN_DEPRECATED_OBJC_IMPLEMENTATIONS = YES;
				CLANG_WARN_DIRECT_OBJC_ISA_USAGE = YES_ERROR;
				CLANG_WARN_DOCUMENTATION_COMMENTS = YES;
				CLANG_WARN_EMPTY_BODY = YES;
				CLANG_WARN_ENUM_CONVERSION = YES;
				CLANG_WARN_INFINITE_RECURSION = YES;
				CLANG_WARN_INT_CONVERSION = YES;
				CLANG_WARN_NON_LITERAL_NULL_CONVERSION = YES;
				CLANG_WARN_OBJC_IMPLICIT_RETAIN_SELF = YES;
				CLANG_WARN_OBJC_LITERAL_CONVERSION = YES;
				CLANG_WARN_OBJC_ROOT_CLASS = YES_ERROR;
				CLANG_WARN_QUOTED_INCLUDE_IN_FRAMEWORK_HEADER = YES;
				CLANG_WARN_RANGE_LOOP_ANALYSIS = YES;
				CLANG_WARN_STRICT_PROTOTYPES = YES;
				CLANG_WARN_SUSPICIOUS_MOVE = YES;
				CLANG_WARN_UNGUARDED_AVAILABILITY = YES_AGGRESSIVE;
				CLANG_WARN_UNREACHABLE_CODE = YES;
				CLANG_WARN__DUPLICATE_METHOD_MATCH = YES;
				COPY_PHASE_STRIP = NO;
				DEBUG_INFORMATION_FORMAT = dwarf;
				ENABLE_STRICT_OBJC_MSGSEND = YES;
				ENABLE_TESTABILITY = YES;
				ENABLE_USER_SCRIPT_SANDBOXING = YES;
				GCC_C_LANGUAGE_STANDARD = gnu17;
				GCC_DYNAMIC_NO_PIC = NO;
				GCC_NO_COMMON_BLOCKS = YES;
				GCC_OPTIMIZATION_LEVEL = 0;
				GCC_PREPROCESSOR_DEFINITIONS = (
					"DEBUG=1",
					"$(inherited)",
				);
				GCC_WARN_64_TO_32_BIT_CONVERSION = YES;
				GCC_WARN_ABOUT_RETURN_TYPE = YES_ERROR;
				GCC_WARN_UNDECLARED_SELECTOR = YES;
				GCC_WARN_UNINITIALIZED_AUTOS = YES_AGGRESSIVE;
				GCC_WARN_UNUSED_FUNCTION = YES;
				GCC_WARN_UNUSED_VARIABLE = YES;
				IPHONEOS_DEPLOYMENT_TARGET = 15.3;
				LOCALIZATION_PREFERS_STRING_CATALOGS = YES;
				MTL_ENABLE_DEBUG_INFO = INCLUDE_SOURCE;
				MTL_FAST_MATH = YES;
				ONLY_ACTIVE_ARCH = YES;
				SDKROOT = iphoneos;
				SWIFT_ACTIVE_COMPILATION_CONDITIONS = "DEBUG $(inherited)";
				SWIFT_OPTIMIZATION_LEVEL = "-Onone";
			};
			name = Debug;
		};
		CE441A0E2BAC6A9B00669DB2 /* Release */ = {
			isa = XCBuildConfiguration;
			buildSettings = {
				ALWAYS_SEARCH_USER_PATHS = NO;
				ASSETCATALOG_COMPILER_GENERATE_SWIFT_ASSET_SYMBOL_EXTENSIONS = YES;
				CLANG_ANALYZER_NONNULL = YES;
				CLANG_ANALYZER_NUMBER_OBJECT_CONVERSION = YES_AGGRESSIVE;
				CLANG_CXX_LANGUAGE_STANDARD = "gnu++20";
				CLANG_ENABLE_MODULES = YES;
				CLANG_ENABLE_OBJC_ARC = YES;
				CLANG_ENABLE_OBJC_WEAK = YES;
				CLANG_WARN_BLOCK_CAPTURE_AUTORELEASING = YES;
				CLANG_WARN_BOOL_CONVERSION = YES;
				CLANG_WARN_COMMA = YES;
				CLANG_WARN_CONSTANT_CONVERSION = YES;
				CLANG_WARN_DEPRECATED_OBJC_IMPLEMENTATIONS = YES;
				CLANG_WARN_DIRECT_OBJC_ISA_USAGE = YES_ERROR;
				CLANG_WARN_DOCUMENTATION_COMMENTS = YES;
				CLANG_WARN_EMPTY_BODY = YES;
				CLANG_WARN_ENUM_CONVERSION = YES;
				CLANG_WARN_INFINITE_RECURSION = YES;
				CLANG_WARN_INT_CONVERSION = YES;
				CLANG_WARN_NON_LITERAL_NULL_CONVERSION = YES;
				CLANG_WARN_OBJC_IMPLICIT_RETAIN_SELF = YES;
				CLANG_WARN_OBJC_LITERAL_CONVERSION = YES;
				CLANG_WARN_OBJC_ROOT_CLASS = YES_ERROR;
				CLANG_WARN_QUOTED_INCLUDE_IN_FRAMEWORK_HEADER = YES;
				CLANG_WARN_RANGE_LOOP_ANALYSIS = YES;
				CLANG_WARN_STRICT_PROTOTYPES = YES;
				CLANG_WARN_SUSPICIOUS_MOVE = YES;
				CLANG_WARN_UNGUARDED_AVAILABILITY = YES_AGGRESSIVE;
				CLANG_WARN_UNREACHABLE_CODE = YES;
				CLANG_WARN__DUPLICATE_METHOD_MATCH = YES;
				COPY_PHASE_STRIP = NO;
				DEBUG_INFORMATION_FORMAT = "dwarf-with-dsym";
				ENABLE_NS_ASSERTIONS = NO;
				ENABLE_STRICT_OBJC_MSGSEND = YES;
				ENABLE_USER_SCRIPT_SANDBOXING = YES;
				GCC_C_LANGUAGE_STANDARD = gnu17;
				GCC_NO_COMMON_BLOCKS = YES;
				GCC_WARN_64_TO_32_BIT_CONVERSION = YES;
				GCC_WARN_ABOUT_RETURN_TYPE = YES_ERROR;
				GCC_WARN_UNDECLARED_SELECTOR = YES;
				GCC_WARN_UNINITIALIZED_AUTOS = YES_AGGRESSIVE;
				GCC_WARN_UNUSED_FUNCTION = YES;
				GCC_WARN_UNUSED_VARIABLE = YES;
				IPHONEOS_DEPLOYMENT_TARGET = 15.3;
				LOCALIZATION_PREFERS_STRING_CATALOGS = YES;
				MTL_ENABLE_DEBUG_INFO = NO;
				MTL_FAST_MATH = YES;
				SDKROOT = iphoneos;
				SWIFT_COMPILATION_MODE = wholemodule;
				VALIDATE_PRODUCT = YES;
			};
			name = Release;
		};
		CE441A102BAC6A9B00669DB2 /* Debug */ = {
			isa = XCBuildConfiguration;
			buildSettings = {
				ASSETCATALOG_COMPILER_APPICON_NAME = AppIcon;
				ASSETCATALOG_COMPILER_GLOBAL_ACCENT_COLOR_NAME = AccentColor;
				CODE_SIGN_STYLE = Automatic;
				CURRENT_PROJECT_VERSION = 1;
				DEVELOPMENT_TEAM = 62DBBK734T;
				GENERATE_INFOPLIST_FILE = YES;
				INFOPLIST_FILE = EyesTrackingCamera/Info.plist;
				INFOPLIST_KEY_NSCameraUsageDescription = "To make photos";
				INFOPLIST_KEY_NSPhotoLibraryAddUsageDescription = "To save Captured Photos";
				INFOPLIST_KEY_NSPhotoLibraryUsageDescription = "To save photos";
				INFOPLIST_KEY_UIApplicationSupportsIndirectInputEvents = YES;
				INFOPLIST_KEY_UILaunchStoryboardName = LaunchScreen;
				INFOPLIST_KEY_UISupportedInterfaceOrientations_iPad = "UIInterfaceOrientationPortrait UIInterfaceOrientationPortraitUpsideDown UIInterfaceOrientationLandscapeLeft UIInterfaceOrientationLandscapeRight";
				INFOPLIST_KEY_UISupportedInterfaceOrientations_iPhone = "UIInterfaceOrientationPortrait UIInterfaceOrientationLandscapeLeft UIInterfaceOrientationLandscapeRight";
				IPHONEOS_DEPLOYMENT_TARGET = 16.0;
				LD_RUNPATH_SEARCH_PATHS = (
					"$(inherited)",
					"@executable_path/Frameworks",
				);
				MARKETING_VERSION = 1.0;
				PRODUCT_BUNDLE_IDENTIFIER = "Podolskiy-I.M.EyesTrackingCamera";
				PRODUCT_NAME = "$(TARGET_NAME)";
				SWIFT_EMIT_LOC_STRINGS = YES;
				SWIFT_VERSION = 5.0;
				TARGETED_DEVICE_FAMILY = "1,2";
			};
			name = Debug;
		};
		CE441A112BAC6A9B00669DB2 /* Release */ = {
			isa = XCBuildConfiguration;
			buildSettings = {
				ASSETCATALOG_COMPILER_APPICON_NAME = AppIcon;
				ASSETCATALOG_COMPILER_GLOBAL_ACCENT_COLOR_NAME = AccentColor;
				CODE_SIGN_STYLE = Automatic;
				CURRENT_PROJECT_VERSION = 1;
				DEVELOPMENT_TEAM = 62DBBK734T;
				GENERATE_INFOPLIST_FILE = YES;
				INFOPLIST_FILE = EyesTrackingCamera/Info.plist;
				INFOPLIST_KEY_NSCameraUsageDescription = "To make photos";
				INFOPLIST_KEY_NSPhotoLibraryAddUsageDescription = "To save Captured Photos";
				INFOPLIST_KEY_NSPhotoLibraryUsageDescription = "To save photos";
				INFOPLIST_KEY_UIApplicationSupportsIndirectInputEvents = YES;
				INFOPLIST_KEY_UILaunchStoryboardName = LaunchScreen;
				INFOPLIST_KEY_UISupportedInterfaceOrientations_iPad = "UIInterfaceOrientationPortrait UIInterfaceOrientationPortraitUpsideDown UIInterfaceOrientationLandscapeLeft UIInterfaceOrientationLandscapeRight";
				INFOPLIST_KEY_UISupportedInterfaceOrientations_iPhone = "UIInterfaceOrientationPortrait UIInterfaceOrientationLandscapeLeft UIInterfaceOrientationLandscapeRight";
				IPHONEOS_DEPLOYMENT_TARGET = 16.0;
				LD_RUNPATH_SEARCH_PATHS = (
					"$(inherited)",
					"@executable_path/Frameworks",
				);
				MARKETING_VERSION = 1.0;
				PRODUCT_BUNDLE_IDENTIFIER = "Podolskiy-I.M.EyesTrackingCamera";
				PRODUCT_NAME = "$(TARGET_NAME)";
				SWIFT_EMIT_LOC_STRINGS = YES;
				SWIFT_VERSION = 5.0;
				TARGETED_DEVICE_FAMILY = "1,2";
			};
			name = Release;
		};
/* End XCBuildConfiguration section */

/* Begin XCConfigurationList section */
		CE4419F62BAC6A9800669DB2 /* Build configuration list for PBXProject "EyesTrackingCamera" */ = {
			isa = XCConfigurationList;
			buildConfigurations = (
				CE441A0D2BAC6A9B00669DB2 /* Debug */,
				CE441A0E2BAC6A9B00669DB2 /* Release */,
			);
			defaultConfigurationIsVisible = 0;
			defaultConfigurationName = Release;
		};
		CE441A0F2BAC6A9B00669DB2 /* Build configuration list for PBXNativeTarget "EyesTrackingCamera" */ = {
			isa = XCConfigurationList;
			buildConfigurations = (
				CE441A102BAC6A9B00669DB2 /* Debug */,
				CE441A112BAC6A9B00669DB2 /* Release */,
			);
			defaultConfigurationIsVisible = 0;
			defaultConfigurationName = Release;
		};
/* End XCConfigurationList section */
	};
	rootObject = CE4419F32BAC6A9800669DB2 /* Project object */;
}
